# THIS IS AN AUTOGENERATED FILE. DO NOT EDIT THIS FILE DIRECTLY.
# yarn lockfile v1


countup@1.9.3:
  version "1.8.2"
  resolved "https://registry.yarnpkg.com/countup/-/countup-1.8.2.tgz#021ccc6a6f964540c6b27ed64681af27fb55f010"

dom7@^2.0.1:
  version "2.0.1"
  resolved "https://registry.yarnpkg.com/dom7/-/dom7-2.0.1.tgz#a8a2c802cf17c20b051d9414143061472201a233"

jquery@^3.2.1:
  version "3.2.1"
  resolved "https://registry.yarnpkg.com/jquery/-/jquery-3.2.1.tgz#5c4d9de652af6cd0a770154a631bba12b015c787"

swiper@4.0.0:
  version "4.0.0"
  resolved "https://registry.yarnpkg.com/swiper/-/swiper-4.0.0.tgz#8d012876b35e33df9308052902d9b8711d5d8d7a"
  dependencies:
    dom7 "^2.0.1"
